
Microsoft Visual Studio Solution File, Format Version 12.00
# Visual Studio Version 17
VisualStudioVersion = 17.4.33213.308
MinimumVisualStudioVersion = 10.0.40219.1
Project("{FAE04EC0-301F-11D3-BF4B-00C04F79EFBC}") = "Exercise 2", "Exercise 2\Exercise 2.csproj", "{AE7B5046-8A12-472F-BC9E-C4D0DFDAC533}"
EndProject
Project("{FAE04EC0-301F-11D3-BF4B-00C04F79EFBC}") = "Exercise 3", "Exercise 3\Exercise 3.csproj", "{9305945A-0C18-4CB7-91E7-76FA0D03D765}"
EndProject
Project("{FAE04EC0-301F-11D3-BF4B-00C04F79EFBC}") = "Exercise 4", "Exercise 4\Exercise 4.csproj", "{BCCE9CCA-6228-4D09-975B-F22E31BCD909}"
EndProject
Global
	GlobalSection(SolutionConfigurationPlatforms) = preSolution
		Debug|Any CPU = Debug|Any CPU
		Release|Any CPU = Release|Any CPU
	EndGlobalSection
	GlobalSection(ProjectConfigurationPlatforms) = postSolution
		{AE7B5046-8A12-472F-BC9E-C4D0DFDAC533}.Debug|Any CPU.ActiveCfg = Debug|Any CPU
		{AE7B5046-8A12-472F-BC9E-C4D0DFDAC533}.Debug|Any CPU.Build.0 = Debug|Any CPU
		{AE7B5046-8A12-472F-BC9E-C4D0DFDAC533}.Release|Any CPU.ActiveCfg = Release|Any CPU
		{AE7B5046-8A12-472F-BC9E-C4D0DFDAC533}.Release|Any CPU.Build.0 = Release|Any CPU
		{9305945A-0C18-4CB7-91E7-76FA0D03D765}.Debug|Any CPU.ActiveCfg = Debug|Any CPU
		{9305945A-0C18-4CB7-91E7-76FA0D03D765}.Debug|Any CPU.Build.0 = Debug|Any CPU
		{9305945A-0C18-4CB7-91E7-76FA0D03D765}.Release|Any CPU.ActiveCfg = Release|Any CPU
		{9305945A-0C18-4CB7-91E7-76FA0D03D765}.Release|Any CPU.Build.0 = Release|Any CPU
		{BCCE9CCA-6228-4D09-975B-F22E31BCD909}.Debug|Any CPU.ActiveCfg = Debug|Any CPU
		{BCCE9CCA-6228-4D09-975B-F22E31BCD909}.Debug|Any CPU.Build.0 = Debug|Any CPU
		{BCCE9CCA-6228-4D09-975B-F22E31BCD909}.Release|Any CPU.ActiveCfg = Release|Any CPU
		{BCCE9CCA-6228-4D09-975B-F22E31BCD909}.Release|Any CPU.Build.0 = Release|Any CPU
	EndGlobalSection
	GlobalSection(SolutionProperties) = preSolution
		HideSolutionNode = FALSE
	EndGlobalSection
	GlobalSection(ExtensibilityGlobals) = postSolution
		SolutionGuid = {16623DD1-B083-41FF-B677-BF4672C80183}
	EndGlobalSection
EndGlobal
